
Microsoft Visual Studio Solution File, Format Version 12.00
# Visual Studio Version 17
VisualStudioVersion = 17.0.31903.59
MinimumVisualStudioVersion = 10.0.40219.1
Project("{FAE04EC0-301F-11D3-BF4B-00C04F79EFBC}") = "LibraryApp", "LibraryApp\LibraryApp.csproj", "{26024591-A457-4242-8462-26F24421CC73}"
EndProject
Project("{FAE04EC0-301F-11D3-BF4B-00C04F79EFBC}") = "Models", "Models\Models.csproj", "{F67135E6-1E90-4514-B226-F42B15841F3A}"
EndProject
Project("{FAE04EC0-301F-11D3-BF4B-00C04F79EFBC}") = "LibraryManagement.Data", "LibraryManagement.Data\LibraryManagement.Data.csproj", "{34F9D2FC-F0BD-40FF-B89B-0BDB8EFDF829}"
EndProject
Project("{FAE04EC0-301F-11D3-BF4B-00C04F79EFBC}") = "Services", "Services\Services.csproj", "{29D3A2B8-5B95-4564-BC6F-8D3343EF6A01}"
EndProject
Project("{FAE04EC0-301F-11D3-BF4B-00C04F79EFBC}") = "LibraryManagement.Tests", "LibraryManagement.Tests\LibraryManagement.Tests.csproj", "{F55188AD-30FB-4B14-BE2D-977FB2FD007B}"
EndProject
Project("{2150E333-8FDC-42A3-9474-1A3956D46DE8}") = "Solution Items", "Solution Items", "{8EC462FD-D22E-90A8-E5CE-7E832BA40C5D}"
	ProjectSection(SolutionItems) = preProject
		Directory.Build.props = Directory.Build.props
		DECISIONS.md = README.md
	EndProjectSection
EndProject
Project("{FAE04EC0-301F-11D3-BF4B-00C04F79EFBC}") = "LibraryManagement.Server", "LibraryManagement.Server\LibraryManagement.Server.csproj", "{314FDF21-CB43-4499-AD16-7DD923804AD3}"
EndProject
Project("{FAE04EC0-301F-11D3-BF4B-00C04F79EFBC}") = "LibraryManagement.Host", "LibraryManagement.Host\LibraryManagement.Host.csproj", "{8AFB276E-C7D6-40AB-805E-3A8A23CC3423}"
EndProject
Global
	GlobalSection(SolutionConfigurationPlatforms) = preSolution
		Debug|Any CPU = Debug|Any CPU
		Debug|x64 = Debug|x64
		Debug|x86 = Debug|x86
		Release|Any CPU = Release|Any CPU
		Release|x64 = Release|x64
		Release|x86 = Release|x86
	EndGlobalSection
	GlobalSection(ProjectConfigurationPlatforms) = postSolution
		{26024591-A457-4242-8462-26F24421CC73}.Debug|Any CPU.ActiveCfg = Debug|Any CPU
		{26024591-A457-4242-8462-26F24421CC73}.Debug|Any CPU.Build.0 = Debug|Any CPU
		{26024591-A457-4242-8462-26F24421CC73}.Debug|x64.ActiveCfg = Debug|Any CPU
		{26024591-A457-4242-8462-26F24421CC73}.Debug|x64.Build.0 = Debug|Any CPU
		{26024591-A457-4242-8462-26F24421CC73}.Debug|x86.ActiveCfg = Debug|Any CPU
		{26024591-A457-4242-8462-26F24421CC73}.Debug|x86.Build.0 = Debug|Any CPU
		{26024591-A457-4242-8462-26F24421CC73}.Release|Any CPU.ActiveCfg = Release|Any CPU
		{26024591-A457-4242-8462-26F24421CC73}.Release|Any CPU.Build.0 = Release|Any CPU
		{26024591-A457-4242-8462-26F24421CC73}.Release|x64.ActiveCfg = Release|Any CPU
		{26024591-A457-4242-8462-26F24421CC73}.Release|x64.Build.0 = Release|Any CPU
		{26024591-A457-4242-8462-26F24421CC73}.Release|x86.ActiveCfg = Release|Any CPU
		{26024591-A457-4242-8462-26F24421CC73}.Release|x86.Build.0 = Release|Any CPU
		{F67135E6-1E90-4514-B226-F42B15841F3A}.Debug|Any CPU.ActiveCfg = Debug|Any CPU
		{F67135E6-1E90-4514-B226-F42B15841F3A}.Debug|Any CPU.Build.0 = Debug|Any CPU
		{F67135E6-1E90-4514-B226-F42B15841F3A}.Debug|x64.ActiveCfg = Debug|Any CPU
		{F67135E6-1E90-4514-B226-F42B15841F3A}.Debug|x64.Build.0 = Debug|Any CPU
		{F67135E6-1E90-4514-B226-F42B15841F3A}.Debug|x86.ActiveCfg = Debug|Any CPU
		{F67135E6-1E90-4514-B226-F42B15841F3A}.Debug|x86.Build.0 = Debug|Any CPU
		{F67135E6-1E90-4514-B226-F42B15841F3A}.Release|Any CPU.ActiveCfg = Release|Any CPU
		{F67135E6-1E90-4514-B226-F42B15841F3A}.Release|Any CPU.Build.0 = Release|Any CPU
		{F67135E6-1E90-4514-B226-F42B15841F3A}.Release|x64.ActiveCfg = Release|Any CPU
		{F67135E6-1E90-4514-B226-F42B15841F3A}.Release|x64.Build.0 = Release|Any CPU
		{F67135E6-1E90-4514-B226-F42B15841F3A}.Release|x86.ActiveCfg = Release|Any CPU
		{F67135E6-1E90-4514-B226-F42B15841F3A}.Release|x86.Build.0 = Release|Any CPU
		{34F9D2FC-F0BD-40FF-B89B-0BDB8EFDF829}.Debug|Any CPU.ActiveCfg = Debug|Any CPU
		{34F9D2FC-F0BD-40FF-B89B-0BDB8EFDF829}.Debug|Any CPU.Build.0 = Debug|Any CPU
		{34F9D2FC-F0BD-40FF-B89B-0BDB8EFDF829}.Debug|x64.ActiveCfg = Debug|Any CPU
		{34F9D2FC-F0BD-40FF-B89B-0BDB8EFDF829}.Debug|x64.Build.0 = Debug|Any CPU
		{34F9D2FC-F0BD-40FF-B89B-0BDB8EFDF829}.Debug|x86.ActiveCfg = Debug|Any CPU
		{34F9D2FC-F0BD-40FF-B89B-0BDB8EFDF829}.Debug|x86.Build.0 = Debug|Any CPU
		{34F9D2FC-F0BD-40FF-B89B-0BDB8EFDF829}.Release|Any CPU.ActiveCfg = Release|Any CPU
		{34F9D2FC-F0BD-40FF-B89B-0BDB8EFDF829}.Release|Any CPU.Build.0 = Release|Any CPU
		{34F9D2FC-F0BD-40FF-B89B-0BDB8EFDF829}.Release|x64.ActiveCfg = Release|Any CPU
		{34F9D2FC-F0BD-40FF-B89B-0BDB8EFDF829}.Release|x64.Build.0 = Release|Any CPU
		{34F9D2FC-F0BD-40FF-B89B-0BDB8EFDF829}.Release|x86.ActiveCfg = Release|Any CPU
		{34F9D2FC-F0BD-40FF-B89B-0BDB8EFDF829}.Release|x86.Build.0 = Release|Any CPU
		{29D3A2B8-5B95-4564-BC6F-8D3343EF6A01}.Debug|Any CPU.ActiveCfg = Debug|Any CPU
		{29D3A2B8-5B95-4564-BC6F-8D3343EF6A01}.Debug|Any CPU.Build.0 = Debug|Any CPU
		{29D3A2B8-5B95-4564-BC6F-8D3343EF6A01}.Debug|x64.ActiveCfg = Debug|Any CPU
		{29D3A2B8-5B95-4564-BC6F-8D3343EF6A01}.Debug|x64.Build.0 = Debug|Any CPU
		{29D3A2B8-5B95-4564-BC6F-8D3343EF6A01}.Debug|x86.ActiveCfg = Debug|Any CPU
		{29D3A2B8-5B95-4564-BC6F-8D3343EF6A01}.Debug|x86.Build.0 = Debug|Any CPU
		{29D3A2B8-5B95-4564-BC6F-8D3343EF6A01}.Release|Any CPU.ActiveCfg = Release|Any CPU
		{29D3A2B8-5B95-4564-BC6F-8D3343EF6A01}.Release|Any CPU.Build.0 = Release|Any CPU
		{29D3A2B8-5B95-4564-BC6F-8D3343EF6A01}.Release|x64.ActiveCfg = Release|Any CPU
		{29D3A2B8-5B95-4564-BC6F-8D3343EF6A01}.Release|x64.Build.0 = Release|Any CPU
		{29D3A2B8-5B95-4564-BC6F-8D3343EF6A01}.Release|x86.ActiveCfg = Release|Any CPU
		{29D3A2B8-5B95-4564-BC6F-8D3343EF6A01}.Release|x86.Build.0 = Release|Any CPU
		{F55188AD-30FB-4B14-BE2D-977FB2FD007B}.Debug|Any CPU.ActiveCfg = Debug|Any CPU
		{F55188AD-30FB-4B14-BE2D-977FB2FD007B}.Debug|Any CPU.Build.0 = Debug|Any CPU
		{F55188AD-30FB-4B14-BE2D-977FB2FD007B}.Debug|x64.ActiveCfg = Debug|Any CPU
		{F55188AD-30FB-4B14-BE2D-977FB2FD007B}.Debug|x64.Build.0 = Debug|Any CPU
		{F55188AD-30FB-4B14-BE2D-977FB2FD007B}.Debug|x86.ActiveCfg = Debug|Any CPU
		{F55188AD-30FB-4B14-BE2D-977FB2FD007B}.Debug|x86.Build.0 = Debug|Any CPU
		{F55188AD-30FB-4B14-BE2D-977FB2FD007B}.Release|Any CPU.ActiveCfg = Release|Any CPU
		{F55188AD-30FB-4B14-BE2D-977FB2FD007B}.Release|Any CPU.Build.0 = Release|Any CPU
		{F55188AD-30FB-4B14-BE2D-977FB2FD007B}.Release|x64.ActiveCfg = Release|Any CPU
		{F55188AD-30FB-4B14-BE2D-977FB2FD007B}.Release|x64.Build.0 = Release|Any CPU
		{F55188AD-30FB-4B14-BE2D-977FB2FD007B}.Release|x86.ActiveCfg = Release|Any CPU
		{F55188AD-30FB-4B14-BE2D-977FB2FD007B}.Release|x86.Build.0 = Release|Any CPU
		{314FDF21-CB43-4499-AD16-7DD923804AD3}.Debug|Any CPU.ActiveCfg = Debug|Any CPU
		{314FDF21-CB43-4499-AD16-7DD923804AD3}.Debug|Any CPU.Build.0 = Debug|Any CPU
		{314FDF21-CB43-4499-AD16-7DD923804AD3}.Debug|x64.ActiveCfg = Debug|Any CPU
		{314FDF21-CB43-4499-AD16-7DD923804AD3}.Debug|x64.Build.0 = Debug|Any CPU
		{314FDF21-CB43-4499-AD16-7DD923804AD3}.Debug|x86.ActiveCfg = Debug|Any CPU
		{314FDF21-CB43-4499-AD16-7DD923804AD3}.Debug|x86.Build.0 = Debug|Any CPU
		{314FDF21-CB43-4499-AD16-7DD923804AD3}.Release|Any CPU.ActiveCfg = Release|Any CPU
		{314FDF21-CB43-4499-AD16-7DD923804AD3}.Release|Any CPU.Build.0 = Release|Any CPU
		{314FDF21-CB43-4499-AD16-7DD923804AD3}.Release|x64.ActiveCfg = Release|Any CPU
		{314FDF21-CB43-4499-AD16-7DD923804AD3}.Release|x64.Build.0 = Release|Any CPU
		{314FDF21-CB43-4499-AD16-7DD923804AD3}.Release|x86.ActiveCfg = Release|Any CPU
		{314FDF21-CB43-4499-AD16-7DD923804AD3}.Release|x86.Build.0 = Release|Any CPU
		{8AFB276E-C7D6-40AB-805E-3A8A23CC3423}.Debug|Any CPU.ActiveCfg = Debug|Any CPU
		{8AFB276E-C7D6-40AB-805E-3A8A23CC3423}.Debug|Any CPU.Build.0 = Debug|Any CPU
		{8AFB276E-C7D6-40AB-805E-3A8A23CC3423}.Debug|x64.ActiveCfg = Debug|Any CPU
		{8AFB276E-C7D6-40AB-805E-3A8A23CC3423}.Debug|x64.Build.0 = Debug|Any CPU
		{8AFB276E-C7D6-40AB-805E-3A8A23CC3423}.Debug|x86.ActiveCfg = Debug|Any CPU
		{8AFB276E-C7D6-40AB-805E-3A8A23CC3423}.Debug|x86.Build.0 = Debug|Any CPU
		{8AFB276E-C7D6-40AB-805E-3A8A23CC3423}.Release|Any CPU.ActiveCfg = Release|Any CPU
		{8AFB276E-C7D6-40AB-805E-3A8A23CC3423}.Release|Any CPU.Build.0 = Release|Any CPU
		{8AFB276E-C7D6-40AB-805E-3A8A23CC3423}.Release|x64.ActiveCfg = Release|Any CPU
		{8AFB276E-C7D6-40AB-805E-3A8A23CC3423}.Release|x64.Build.0 = Release|Any CPU
		{8AFB276E-C7D6-40AB-805E-3A8A23CC3423}.Release|x86.ActiveCfg = Release|Any CPU
		{8AFB276E-C7D6-40AB-805E-3A8A23CC3423}.Release|x86.Build.0 = Release|Any CPU
	EndGlobalSection
	GlobalSection(SolutionProperties) = preSolution
		HideSolutionNode = FALSE
	EndGlobalSection
EndGlobal
